
Microsoft Visual Studio Solution File, Format Version 12.00
# Visual Studio Version 16
VisualStudioVersion = 25.0.1706.6
MinimumVisualStudioVersion = 10.0.40219.1
Project("{FAE04EC0-301F-11D3-BF4B-00C04F79EFBC}") = "PersonApi", "PersonApi\PersonApi.csproj", "{32E4DCFB-2DA7-411B-943A-7097B419B6ED}"
EndProject
Global
	GlobalSection(SolutionConfigurationPlatforms) = preSolution
		Debug|Any CPU = Debug|Any CPU
		Release|Any CPU = Release|Any CPU
	EndGlobalSection
	GlobalSection(ProjectConfigurationPlatforms) = postSolution
		{32E4DCFB-2DA7-411B-943A-7097B419B6ED}.Debug|Any CPU.ActiveCfg = Debug|Any CPU
		{32E4DCFB-2DA7-411B-943A-7097B419B6ED}.Debug|Any CPU.Build.0 = Debug|Any CPU
		{32E4DCFB-2DA7-411B-943A-7097B419B6ED}.Release|Any CPU.ActiveCfg = Release|Any CPU
		{32E4DCFB-2DA7-411B-943A-7097B419B6ED}.Release|Any CPU.Build.0 = Release|Any CPU
	EndGlobalSection
	GlobalSection(SolutionProperties) = preSolution
		HideSolutionNode = FALSE
	EndGlobalSection
	GlobalSection(ExtensibilityGlobals) = postSolution
		SolutionGuid = {1B1E33D7-0986-4692-BE3A-AF50A2D14F6B}
	EndGlobalSection
EndGlobal
